
Microsoft Visual Studio Solution File, Format Version 12.00
# Visual Studio Version 17
VisualStudioVersion = 17.13.35828.75 d17.13
MinimumVisualStudioVersion = 10.0.40219.1
Project("{FAE04EC0-301F-11D3-BF4B-00C04F79EFBC}") = "SportsTrainingApp", "SportsTrainingApp.csproj", "{76018E6A-7200-4E33-A2AE-152867198A3B}"
EndProject
Global
	GlobalSection(SolutionConfigurationPlatforms) = preSolution
		Debug|Any CPU = Debug|Any CPU
		Release|Any CPU = Release|Any CPU
	EndGlobalSection
	GlobalSection(ProjectConfigurationPlatforms) = postSolution
		{76018E6A-7200-4E33-A2AE-152867198A3B}.Debug|Any CPU.ActiveCfg = Debug|Any CPU
		{76018E6A-7200-4E33-A2AE-152867198A3B}.Debug|Any CPU.Build.0 = Debug|Any CPU
		{76018E6A-7200-4E33-A2AE-152867198A3B}.Release|Any CPU.ActiveCfg = Release|Any CPU
		{76018E6A-7200-4E33-A2AE-152867198A3B}.Release|Any CPU.Build.0 = Release|Any CPU
	EndGlobalSection
	GlobalSection(SolutionProperties) = preSolution
		HideSolutionNode = FALSE
	EndGlobalSection
	GlobalSection(ExtensibilityGlobals) = postSolution
		SolutionGuid = {A06D3EF8-E3D3-4284-8150-A4FE3B0CCCEE}
	EndGlobalSection
EndGlobal
